
Microsoft Visual Studio Solution File, Format Version 12.00
# Visual Studio Version 16
VisualStudioVersion = 16.0.29411.108
MinimumVisualStudioVersion = 10.0.40219.1
Project("{8BC9CEB8-8B4A-11D0-8D11-00A0C91BC942}") = "PPL6Writer", "PPL6Writer\PPL6Writer.vcxproj", "{EF5C6ECF-9C14-470C-86E7-D4AF534C32B0}"
EndProject
Project("{8BC9CEB8-8B4A-11D0-8D11-00A0C91BC942}") = "PPL6Reader", "PPL6Reader\PPL6Reader.vcxproj", "{3CEDD0CD-56F9-4B84-835F-479597BFC06A}"
EndProject
Global
	GlobalSection(SolutionConfigurationPlatforms) = preSolution
		Debug|x64 = Debug|x64
		Debug|x86 = Debug|x86
		Release|x64 = Release|x64
		Release|x86 = Release|x86
	EndGlobalSection
	GlobalSection(ProjectConfigurationPlatforms) = postSolution
		{EF5C6ECF-9C14-470C-86E7-D4AF534C32B0}.Debug|x64.ActiveCfg = Debug|x64
		{EF5C6ECF-9C14-470C-86E7-D4AF534C32B0}.Debug|x64.Build.0 = Debug|x64
		{EF5C6ECF-9C14-470C-86E7-D4AF534C32B0}.Debug|x86.ActiveCfg = Debug|Win32
		{EF5C6ECF-9C14-470C-86E7-D4AF534C32B0}.Debug|x86.Build.0 = Debug|Win32
		{EF5C6ECF-9C14-470C-86E7-D4AF534C32B0}.Release|x64.ActiveCfg = Release|x64
		{EF5C6ECF-9C14-470C-86E7-D4AF534C32B0}.Release|x64.Build.0 = Release|x64
		{EF5C6ECF-9C14-470C-86E7-D4AF534C32B0}.Release|x86.ActiveCfg = Release|Win32
		{EF5C6ECF-9C14-470C-86E7-D4AF534C32B0}.Release|x86.Build.0 = Release|Win32
		{3CEDD0CD-56F9-4B84-835F-479597BFC06A}.Debug|x64.ActiveCfg = Debug|x64
		{3CEDD0CD-56F9-4B84-835F-479597BFC06A}.Debug|x64.Build.0 = Debug|x64
		{3CEDD0CD-56F9-4B84-835F-479597BFC06A}.Debug|x86.ActiveCfg = Debug|Win32
		{3CEDD0CD-56F9-4B84-835F-479597BFC06A}.Debug|x86.Build.0 = Debug|Win32
		{3CEDD0CD-56F9-4B84-835F-479597BFC06A}.Release|x64.ActiveCfg = Release|x64
		{3CEDD0CD-56F9-4B84-835F-479597BFC06A}.Release|x64.Build.0 = Release|x64
		{3CEDD0CD-56F9-4B84-835F-479597BFC06A}.Release|x86.ActiveCfg = Release|Win32
		{3CEDD0CD-56F9-4B84-835F-479597BFC06A}.Release|x86.Build.0 = Release|Win32
	EndGlobalSection
	GlobalSection(SolutionProperties) = preSolution
		HideSolutionNode = FALSE
	EndGlobalSection
	GlobalSection(ExtensibilityGlobals) = postSolution
		SolutionGuid = {47BEBB07-51FE-4C02-A18A-BD9F2C8F8FDA}
	EndGlobalSection
EndGlobal
